// !$*UTF8*$!
{
	archiveVersion = 1;
	classes = {
	};
	objectVersion = 51;
	objects = {

/* Begin PBXBuildFile section */
		0419F1B0260F79EB003E0ED4 /* LequeIDModel.swift in Sources */ = {isa = PBXBuildFile; fileRef = 0419F1AF260F79EB003E0ED4 /* LequeIDModel.swift */; };
		0419F1B5260F7A36003E0ED4 /* LeaguesDetailsIDModel.swift in Sources */ = {isa = PBXBuildFile; fileRef = 0419F1B4260F7A36003E0ED4 /* LeaguesDetailsIDModel.swift */; };
		0419F1C2260FC621003E0ED4 /* EventModel.swift in Sources */ = {isa = PBXBuildFile; fileRef = 0419F1C1260FC621003E0ED4 /* EventModel.swift */; };
		0419F1C7260FC689003E0ED4 /* EventDetailsModel.swift in Sources */ = {isa = PBXBuildFile; fileRef = 0419F1C6260FC689003E0ED4 /* EventDetailsModel.swift */; };
		0449C109260AAA31009843D5 /* EventCollectionViewCell.swift in Sources */ = {isa = PBXBuildFile; fileRef = 0449C107260AAA31009843D5 /* EventCollectionViewCell.swift */; };
		0449C10A260AAA31009843D5 /* EventCollectionViewCell.xib in Resources */ = {isa = PBXBuildFile; fileRef = 0449C108260AAA31009843D5 /* EventCollectionViewCell.xib */; };
		0449C110260AB648009843D5 /* ResultCollectionViewCell.swift in Sources */ = {isa = PBXBuildFile; fileRef = 0449C10E260AB648009843D5 /* ResultCollectionViewCell.swift */; };
		0449C111260AB648009843D5 /* ResultCollectionViewCell.xib in Resources */ = {isa = PBXBuildFile; fileRef = 0449C10F260AB648009843D5 /* ResultCollectionViewCell.xib */; };
		0449C117260ABF9A009843D5 /* TeamCollectionViewCell.swift in Sources */ = {isa = PBXBuildFile; fileRef = 0449C115260ABF9A009843D5 /* TeamCollectionViewCell.swift */; };
		0449C118260ABF9A009843D5 /* TeamCollectionViewCell.xib in Resources */ = {isa = PBXBuildFile; fileRef = 0449C116260ABF9A009843D5 /* TeamCollectionViewCell.xib */; };
		045BCB17260A07C300047683 /* SportCollectionViewCell.swift in Sources */ = {isa = PBXBuildFile; fileRef = 045BCB15260A07C300047683 /* SportCollectionViewCell.swift */; };
		045BCB18260A07C300047683 /* SportCollectionViewCell.xib in Resources */ = {isa = PBXBuildFile; fileRef = 045BCB16260A07C300047683 /* SportCollectionViewCell.xib */; };
		045BCB21260A13FE00047683 /* LegueTableViewCell.swift in Sources */ = {isa = PBXBuildFile; fileRef = 045BCB1F260A13FE00047683 /* LegueTableViewCell.swift */; };
		045BCB22260A13FE00047683 /* LegueTableViewCell.xib in Resources */ = {isa = PBXBuildFile; fileRef = 045BCB20260A13FE00047683 /* LegueTableViewCell.xib */; };
		0465DF40260B473700BC58BE /* SportsViewController.swift in Sources */ = {isa = PBXBuildFile; fileRef = 0465DF3F260B473700BC58BE /* SportsViewController.swift */; };
		0465DF46260B50EE00BC58BE /* extensions.swift in Sources */ = {isa = PBXBuildFile; fileRef = 0465DF45260B50EE00BC58BE /* extensions.swift */; };
		0465DF4E260B514D00BC58BE /* LeagueViewController.swift in Sources */ = {isa = PBXBuildFile; fileRef = 0465DF4D260B514D00BC58BE /* LeagueViewController.swift */; };
		0465DF62260B5D3E00BC58BE /* LeagueDetailsViewController.swift in Sources */ = {isa = PBXBuildFile; fileRef = 0465DF61260B5D3E00BC58BE /* LeagueDetailsViewController.swift */; };
		04CD4A012608CA9000F8DA47 /* AppDelegate.swift in Sources */ = {isa = PBXBuildFile; fileRef = 04CD4A002608CA9000F8DA47 /* AppDelegate.swift */; };
		04CD4A032608CA9000F8DA47 /* SceneDelegate.swift in Sources */ = {isa = PBXBuildFile; fileRef = 04CD4A022608CA9000F8DA47 /* SceneDelegate.swift */; };
		04CD4A082608CA9000F8DA47 /* Main.storyboard in Resources */ = {isa = PBXBuildFile; fileRef = 04CD4A062608CA9000F8DA47 /* Main.storyboard */; };
		04CD4A0B2608CA9000F8DA47 /* SportApp.xcdatamodeld in Sources */ = {isa = PBXBuildFile; fileRef = 04CD4A092608CA9000F8DA47 /* SportApp.xcdatamodeld */; };
		04CD4A0D2608CA9300F8DA47 /* Assets.xcassets in Resources */ = {isa = PBXBuildFile; fileRef = 04CD4A0C2608CA9300F8DA47 /* Assets.xcassets */; };
		04CD4A102608CA9300F8DA47 /* LaunchScreen.storyboard in Resources */ = {isa = PBXBuildFile; fileRef = 04CD4A0E2608CA9300F8DA47 /* LaunchScreen.storyboard */; };
		04CD4A1B2608CA9300F8DA47 /* SportAppTests.swift in Sources */ = {isa = PBXBuildFile; fileRef = 04CD4A1A2608CA9300F8DA47 /* SportAppTests.swift */; };
		04CD4A262608CA9400F8DA47 /* SportAppUITests.swift in Sources */ = {isa = PBXBuildFile; fileRef = 04CD4A252608CA9400F8DA47 /* SportAppUITests.swift */; };
		04FF07FF260E781C0033EE86 /* SportModel.swift in Sources */ = {isa = PBXBuildFile; fileRef = 04FF07FE260E781C0033EE86 /* SportModel.swift */; };
		04FF0807260E79410033EE86 /* LegueModel.swift in Sources */ = {isa = PBXBuildFile; fileRef = 04FF0806260E79410033EE86 /* LegueModel.swift */; };
		04FF080C260E797E0033EE86 /* LegueDetails.swift in Sources */ = {isa = PBXBuildFile; fileRef = 04FF080B260E797E0033EE86 /* LegueDetails.swift */; };
		42915D7B260E5C6400FC8E71 /* SportDetailsModel.swift in Sources */ = {isa = PBXBuildFile; fileRef = 42915D7A260E5C6400FC8E71 /* SportDetailsModel.swift */; };
		42915D81260E5CB100FC8E71 /* APIClient.swift in Sources */ = {isa = PBXBuildFile; fileRef = 42915D80260E5CB100FC8E71 /* APIClient.swift */; };
		4DA71FDB31836DD4E8F5C120 /* Pods_SportApp.framework in Frameworks */ = {isa = PBXBuildFile; fileRef = 559FB910F4CF812D495D93F5 /* Pods_SportApp.framework */; };
		62569716029AC0E9AF394EE0 /* Pods_SportApp_SportAppUITests.framework in Frameworks */ = {isa = PBXBuildFile; fileRef = 91F17237557C8D5ACE856492 /* Pods_SportApp_SportAppUITests.framework */; };
		C94B449A948FDC393146158D /* Pods_SportAppTests.framework in Frameworks */ = {isa = PBXBuildFile; fileRef = A873AF84E993EB05D58CCC53 /* Pods_SportAppTests.framework */; };
/* End PBXBuildFile section */

/* Begin PBXContainerItemProxy section */
		04CD4A172608CA9300F8DA47 /* PBXContainerItemProxy */ = {
			isa = PBXContainerItemProxy;
			containerPortal = 04CD49F52608CA9000F8DA47 /* Project object */;
			proxyType = 1;
			remoteGlobalIDString = 04CD49FC2608CA9000F8DA47;
			remoteInfo = SportApp;
		};
		04CD4A222608CA9400F8DA47 /* PBXContainerItemProxy */ = {
			isa = PBXContainerItemProxy;
			containerPortal = 04CD49F52608CA9000F8DA47 /* Project object */;
			proxyType = 1;
			remoteGlobalIDString = 04CD49FC2608CA9000F8DA47;
			remoteInfo = SportApp;
		};
/* End PBXContainerItemProxy section */

/* Begin PBXFileReference section */
		03CFE1BAB453AE4E81D70109 /* Pods-SportAppTests.release.xcconfig */ = {isa = PBXFileReference; includeInIndex = 1; lastKnownFileType = text.xcconfig; name = "Pods-SportAppTests.release.xcconfig"; path = "Target Support Files/Pods-SportAppTests/Pods-SportAppTests.release.xcconfig"; sourceTree = "<group>"; };
		0419F1AF260F79EB003E0ED4 /* LequeIDModel.swift */ = {isa = PBXFileReference; lastKnownFileType = sourcecode.swift; path = LequeIDModel.swift; sourceTree = "<group>"; };
		0419F1B4260F7A36003E0ED4 /* LeaguesDetailsIDModel.swift */ = {isa = PBXFileReference; lastKnownFileType = sourcecode.swift; path = LeaguesDetailsIDModel.swift; sourceTree = "<group>"; };
		0419F1C1260FC621003E0ED4 /* EventModel.swift */ = {isa = PBXFileReference; lastKnownFileType = sourcecode.swift; path = EventModel.swift; sourceTree = "<group>"; };
		0419F1C6260FC689003E0ED4 /* EventDetailsModel.swift */ = {isa = PBXFileReference; lastKnownFileType = sourcecode.swift; path = EventDetailsModel.swift; sourceTree = "<group>"; };
		0449C107260AAA31009843D5 /* EventCollectionViewCell.swift */ = {isa = PBXFileReference; lastKnownFileType = sourcecode.swift; path = EventCollectionViewCell.swift; sourceTree = "<group>"; };
		0449C108260AAA31009843D5 /* EventCollectionViewCell.xib */ = {isa = PBXFileReference; lastKnownFileType = file.xib; path = EventCollectionViewCell.xib; sourceTree = "<group>"; };
		0449C10E260AB648009843D5 /* ResultCollectionViewCell.swift */ = {isa = PBXFileReference; lastKnownFileType = sourcecode.swift; path = ResultCollectionViewCell.swift; sourceTree = "<group>"; };
		0449C10F260AB648009843D5 /* ResultCollectionViewCell.xib */ = {isa = PBXFileReference; lastKnownFileType = file.xib; path = ResultCollectionViewCell.xib; sourceTree = "<group>"; };
		0449C115260ABF9A009843D5 /* TeamCollectionViewCell.swift */ = {isa = PBXFileReference; lastKnownFileType = sourcecode.swift; path = TeamCollectionViewCell.swift; sourceTree = "<group>"; };
		0449C116260ABF9A009843D5 /* TeamCollectionViewCell.xib */ = {isa = PBXFileReference; lastKnownFileType = file.xib; path = TeamCollectionViewCell.xib; sourceTree = "<group>"; };
		045BCB15260A07C300047683 /* SportCollectionViewCell.swift */ = {isa = PBXFileReference; lastKnownFileType = sourcecode.swift; path = SportCollectionViewCell.swift; sourceTree = "<group>"; };
		045BCB16260A07C300047683 /* SportCollectionViewCell.xib */ = {isa = PBXFileReference; lastKnownFileType = file.xib; path = SportCollectionViewCell.xib; sourceTree = "<group>"; };
		045BCB1F260A13FE00047683 /* LegueTableViewCell.swift */ = {isa = PBXFileReference; lastKnownFileType = sourcecode.swift; path = LegueTableViewCell.swift; sourceTree = "<group>"; };
		045BCB20260A13FE00047683 /* LegueTableViewCell.xib */ = {isa = PBXFileReference; lastKnownFileType = file.xib; path = LegueTableViewCell.xib; sourceTree = "<group>"; };
		0465DF3F260B473700BC58BE /* SportsViewController.swift */ = {isa = PBXFileReference; lastKnownFileType = sourcecode.swift; path = SportsViewController.swift; sourceTree = "<group>"; };
		0465DF45260B50EE00BC58BE /* extensions.swift */ = {isa = PBXFileReference; lastKnownFileType = sourcecode.swift; path = extensions.swift; sourceTree = "<group>"; };
		0465DF4D260B514D00BC58BE /* LeagueViewController.swift */ = {isa = PBXFileReference; lastKnownFileType = sourcecode.swift; path = LeagueViewController.swift; sourceTree = "<group>"; };
		0465DF61260B5D3E00BC58BE /* LeagueDetailsViewController.swift */ = {isa = PBXFileReference; lastKnownFileType = sourcecode.swift; path = LeagueDetailsViewController.swift; sourceTree = "<group>"; };
		04CD49FD2608CA9000F8DA47 /* SportApp.app */ = {isa = PBXFileReference; explicitFileType = wrapper.application; includeInIndex = 0; path = SportApp.app; sourceTree = BUILT_PRODUCTS_DIR; };
		04CD4A002608CA9000F8DA47 /* AppDelegate.swift */ = {isa = PBXFileReference; lastKnownFileType = sourcecode.swift; path = AppDelegate.swift; sourceTree = "<group>"; };
		04CD4A022608CA9000F8DA47 /* SceneDelegate.swift */ = {isa = PBXFileReference; lastKnownFileType = sourcecode.swift; path = SceneDelegate.swift; sourceTree = "<group>"; };
		04CD4A072608CA9000F8DA47 /* Base */ = {isa = PBXFileReference; lastKnownFileType = file.storyboard; name = Base; path = Base.lproj/Main.storyboard; sourceTree = "<group>"; };
		04CD4A0A2608CA9000F8DA47 /* SportApp.xcdatamodel */ = {isa = PBXFileReference; lastKnownFileType = wrapper.xcdatamodel; path = SportApp.xcdatamodel; sourceTree = "<group>"; };
		04CD4A0C2608CA9300F8DA47 /* Assets.xcassets */ = {isa = PBXFileReference; lastKnownFileType = folder.assetcatalog; path = Assets.xcassets; sourceTree = "<group>"; };
		04CD4A0F2608CA9300F8DA47 /* Base */ = {isa = PBXFileReference; lastKnownFileType = file.storyboard; name = Base; path = Base.lproj/LaunchScreen.storyboard; sourceTree = "<group>"; };
		04CD4A112608CA9300F8DA47 /* Info.plist */ = {isa = PBXFileReference; lastKnownFileType = text.plist.xml; path = Info.plist; sourceTree = "<group>"; };
		04CD4A162608CA9300F8DA47 /* SportAppTests.xctest */ = {isa = PBXFileReference; explicitFileType = wrapper.cfbundle; includeInIndex = 0; path = SportAppTests.xctest; sourceTree = BUILT_PRODUCTS_DIR; };
		04CD4A1A2608CA9300F8DA47 /* SportAppTests.swift */ = {isa = PBXFileReference; lastKnownFileType = sourcecode.swift; path = SportAppTests.swift; sourceTree = "<group>"; };
		04CD4A1C2608CA9400F8DA47 /* Info.plist */ = {isa = PBXFileReference; lastKnownFileType = text.plist.xml; path = Info.plist; sourceTree = "<group>"; };
		04CD4A212608CA9400F8DA47 /* SportAppUITests.xctest */ = {isa = PBXFileReference; explicitFileType = wrapper.cfbundle; includeInIndex = 0; path = SportAppUITests.xctest; sourceTree = BUILT_PRODUCTS_DIR; };
		04CD4A252608CA9400F8DA47 /* SportAppUITests.swift */ = {isa = PBXFileReference; lastKnownFileType = sourcecode.swift; path = SportAppUITests.swift; sourceTree = "<group>"; };
		04CD4A272608CA9400F8DA47 /* Info.plist */ = {isa = PBXFileReference; lastKnownFileType = text.plist.xml; path = Info.plist; sourceTree = "<group>"; };
		04FF07FE260E781C0033EE86 /* SportModel.swift */ = {isa = PBXFileReference; lastKnownFileType = sourcecode.swift; path = SportModel.swift; sourceTree = "<group>"; };
		04FF0806260E79410033EE86 /* LegueModel.swift */ = {isa = PBXFileReference; lastKnownFileType = sourcecode.swift; path = LegueModel.swift; sourceTree = "<group>"; };
		04FF080B260E797E0033EE86 /* LegueDetails.swift */ = {isa = PBXFileReference; lastKnownFileType = sourcecode.swift; path = LegueDetails.swift; sourceTree = "<group>"; };
		42915D7A260E5C6400FC8E71 /* SportDetailsModel.swift */ = {isa = PBXFileReference; fileEncoding = 4; lastKnownFileType = sourcecode.swift; path = SportDetailsModel.swift; sourceTree = "<group>"; };
		42915D80260E5CB100FC8E71 /* APIClient.swift */ = {isa = PBXFileReference; fileEncoding = 4; lastKnownFileType = sourcecode.swift; path = APIClient.swift; sourceTree = "<group>"; };
		559FB910F4CF812D495D93F5 /* Pods_SportApp.framework */ = {isa = PBXFileReference; explicitFileType = wrapper.framework; includeInIndex = 0; path = Pods_SportApp.framework; sourceTree = BUILT_PRODUCTS_DIR; };
		8D43249A3772135F032544B2 /* Pods-SportApp.debug.xcconfig */ = {isa = PBXFileReference; includeInIndex = 1; lastKnownFileType = text.xcconfig; name = "Pods-SportApp.debug.xcconfig"; path = "Target Support Files/Pods-SportApp/Pods-SportApp.debug.xcconfig"; sourceTree = "<group>"; };
		91F17237557C8D5ACE856492 /* Pods_SportApp_SportAppUITests.framework */ = {isa = PBXFileReference; explicitFileType = wrapper.framework; includeInIndex = 0; path = Pods_SportApp_SportAppUITests.framework; sourceTree = BUILT_PRODUCTS_DIR; };
		A1327EAE3949B9137CB95EAA /* Pods-SportAppTests.debug.xcconfig */ = {isa = PBXFileReference; includeInIndex = 1; lastKnownFileType = text.xcconfig; name = "Pods-SportAppTests.debug.xcconfig"; path = "Target Support Files/Pods-SportAppTests/Pods-SportAppTests.debug.xcconfig"; sourceTree = "<group>"; };
		A873AF84E993EB05D58CCC53 /* Pods_SportAppTests.framework */ = {isa = PBXFileReference; explicitFileType = wrapper.framework; includeInIndex = 0; path = Pods_SportAppTests.framework; sourceTree = BUILT_PRODUCTS_DIR; };
		B2126FA071F9004E95049979 /* Pods-SportApp.release.xcconfig */ = {isa = PBXFileReference; includeInIndex = 1; lastKnownFileType = text.xcconfig; name = "Pods-SportApp.release.xcconfig"; path = "Target Support Files/Pods-SportApp/Pods-SportApp.release.xcconfig"; sourceTree = "<group>"; };
		CD3C887DA1DC1E4FC2429C25 /* Pods-SportApp-SportAppUITests.debug.xcconfig */ = {isa = PBXFileReference; includeInIndex = 1; lastKnownFileType = text.xcconfig; name = "Pods-SportApp-SportAppUITests.debug.xcconfig"; path = "Target Support Files/Pods-SportApp-SportAppUITests/Pods-SportApp-SportAppUITests.debug.xcconfig"; sourceTree = "<group>"; };
		E31333040AE1EDAA2AD300F9 /* Pods-SportApp-SportAppUITests.release.xcconfig */ = {isa = PBXFileReference; includeInIndex = 1; lastKnownFileType = text.xcconfig; name = "Pods-SportApp-SportAppUITests.release.xcconfig"; path = "Target Support Files/Pods-SportApp-SportAppUITests/Pods-SportApp-SportAppUITests.release.xcconfig"; sourceTree = "<group>"; };
/* End PBXFileReference section */

/* Begin PBXFrameworksBuildPhase section */
		04CD49FA2608CA9000F8DA47 /* Frameworks */ = {
			isa = PBXFrameworksBuildPhase;
			buildActionMask = 2147483647;
			files = (
				4DA71FDB31836DD4E8F5C120 /* Pods_SportApp.framework in Frameworks */,
			);
			runOnlyForDeploymentPostprocessing = 0;
		};
		04CD4A132608CA9300F8DA47 /* Frameworks */ = {
			isa = PBXFrameworksBuildPhase;
			buildActionMask = 2147483647;
			files = (
				C94B449A948FDC393146158D /* Pods_SportAppTests.framework in Frameworks */,
			);
			runOnlyForDeploymentPostprocessing = 0;
		};
		04CD4A1E2608CA9400F8DA47 /* Frameworks */ = {
			isa = PBXFrameworksBuildPhase;
			buildActionMask = 2147483647;
			files = (
				62569716029AC0E9AF394EE0 /* Pods_SportApp_SportAppUITests.framework in Frameworks */,
			);
			runOnlyForDeploymentPostprocessing = 0;
		};
/* End PBXFrameworksBuildPhase section */

/* Begin PBXGroup section */
		045BCB14260A07B400047683 /* Cells */ = {
			isa = PBXGroup;
			children = (
				045BCB15260A07C300047683 /* SportCollectionViewCell.swift */,
				045BCB16260A07C300047683 /* SportCollectionViewCell.xib */,
				045BCB1F260A13FE00047683 /* LegueTableViewCell.swift */,
				045BCB20260A13FE00047683 /* LegueTableViewCell.xib */,
				0449C107260AAA31009843D5 /* EventCollectionViewCell.swift */,
				0449C108260AAA31009843D5 /* EventCollectionViewCell.xib */,
				0449C10E260AB648009843D5 /* ResultCollectionViewCell.swift */,
				0449C10F260AB648009843D5 /* ResultCollectionViewCell.xib */,
				0449C115260ABF9A009843D5 /* TeamCollectionViewCell.swift */,
				0449C116260ABF9A009843D5 /* TeamCollectionViewCell.xib */,
			);
			path = Cells;
			sourceTree = "<group>";
		};
		0465DF44260B50CE00BC58BE /* Extensions */ = {
			isa = PBXGroup;
			children = (
				0465DF45260B50EE00BC58BE /* extensions.swift */,
			);
			path = Extensions;
			sourceTree = "<group>";
		};
		0465DF5A260B5BB700BC58BE /* Controllers */ = {
			isa = PBXGroup;
			children = (
				0465DF3F260B473700BC58BE /* SportsViewController.swift */,
				0465DF4D260B514D00BC58BE /* LeagueViewController.swift */,
				0465DF61260B5D3E00BC58BE /* LeagueDetailsViewController.swift */,
			);
			path = Controllers;
			sourceTree = "<group>";
		};
		04C0CEBB260BAA180062310B /* App Delegate */ = {
			isa = PBXGroup;
			children = (
				04CD4A002608CA9000F8DA47 /* AppDelegate.swift */,
				04CD4A022608CA9000F8DA47 /* SceneDelegate.swift */,
			);
			path = "App Delegate";
			sourceTree = "<group>";
		};
		04C0CEBC260BAA3A0062310B /* Views */ = {
			isa = PBXGroup;
			children = (
				04CD4A062608CA9000F8DA47 /* Main.storyboard */,
				04CD4A0E2608CA9300F8DA47 /* LaunchScreen.storyboard */,
			);
			path = Views;
			sourceTree = "<group>";
		};
		04C0CEBD260BAA510062310B /* Resources */ = {
			isa = PBXGroup;
			children = (
				04CD4A0C2608CA9300F8DA47 /* Assets.xcassets */,
			);
			path = Resources;
			sourceTree = "<group>";
		};
		04CD49F42608CA9000F8DA47 = {
			isa = PBXGroup;
			children = (
				04CD49FF2608CA9000F8DA47 /* SportApp */,
				04CD4A192608CA9300F8DA47 /* SportAppTests */,
				04CD4A242608CA9400F8DA47 /* SportAppUITests */,
				04CD49FE2608CA9000F8DA47 /* Products */,
				8B5D056B0ECC3FEB9E1251E5 /* Pods */,
				2B17DE855D2A173FB4216FA9 /* Frameworks */,
			);
			sourceTree = "<group>";
		};
		04CD49FE2608CA9000F8DA47 /* Products */ = {
			isa = PBXGroup;
			children = (
				04CD49FD2608CA9000F8DA47 /* SportApp.app */,
				04CD4A162608CA9300F8DA47 /* SportAppTests.xctest */,
				04CD4A212608CA9400F8DA47 /* SportAppUITests.xctest */,
			);
			name = Products;
			sourceTree = "<group>";
		};
		04CD49FF2608CA9000F8DA47 /* SportApp */ = {
			isa = PBXGroup;
			children = (
				04C0CEBD260BAA510062310B /* Resources */,
				42915D7F260E5C7400FC8E71 /* NetworkLayer */,
				42915D79260E5C0000FC8E71 /* Models */,
				04C0CEBC260BAA3A0062310B /* Views */,
				04C0CEBB260BAA180062310B /* App Delegate */,
				0465DF44260B50CE00BC58BE /* Extensions */,
				045BCB14260A07B400047683 /* Cells */,
				0465DF5A260B5BB700BC58BE /* Controllers */,
				04CD4A112608CA9300F8DA47 /* Info.plist */,
				04CD4A092608CA9000F8DA47 /* SportApp.xcdatamodeld */,
			);
			path = SportApp;
			sourceTree = "<group>";
		};
		04CD4A192608CA9300F8DA47 /* SportAppTests */ = {
			isa = PBXGroup;
			children = (
				04CD4A1A2608CA9300F8DA47 /* SportAppTests.swift */,
				04CD4A1C2608CA9400F8DA47 /* Info.plist */,
			);
			path = SportAppTests;
			sourceTree = "<group>";
		};
		04CD4A242608CA9400F8DA47 /* SportAppUITests */ = {
			isa = PBXGroup;
			children = (
				04CD4A252608CA9400F8DA47 /* SportAppUITests.swift */,
				04CD4A272608CA9400F8DA47 /* Info.plist */,
			);
			path = SportAppUITests;
			sourceTree = "<group>";
		};
		2B17DE855D2A173FB4216FA9 /* Frameworks */ = {
			isa = PBXGroup;
			children = (
				559FB910F4CF812D495D93F5 /* Pods_SportApp.framework */,
				91F17237557C8D5ACE856492 /* Pods_SportApp_SportAppUITests.framework */,
				A873AF84E993EB05D58CCC53 /* Pods_SportAppTests.framework */,
			);
			name = Frameworks;
			sourceTree = "<group>";
		};
		42915D79260E5C0000FC8E71 /* Models */ = {
			isa = PBXGroup;
			children = (
				42915D7A260E5C6400FC8E71 /* SportDetailsModel.swift */,
				04FF07FE260E781C0033EE86 /* SportModel.swift */,
				04FF0806260E79410033EE86 /* LegueModel.swift */,
				04FF080B260E797E0033EE86 /* LegueDetails.swift */,
				0419F1AF260F79EB003E0ED4 /* LequeIDModel.swift */,
				0419F1B4260F7A36003E0ED4 /* LeaguesDetailsIDModel.swift */,
				0419F1C1260FC621003E0ED4 /* EventModel.swift */,
				0419F1C6260FC689003E0ED4 /* EventDetailsModel.swift */,
			);
			path = Models;
			sourceTree = "<group>";
		};
		42915D7F260E5C7400FC8E71 /* NetworkLayer */ = {
			isa = PBXGroup;
			children = (
				42915D80260E5CB100FC8E71 /* APIClient.swift */,
			);
			path = NetworkLayer;
			sourceTree = "<group>";
		};
		8B5D056B0ECC3FEB9E1251E5 /* Pods */ = {
			isa = PBXGroup;
			children = (
				8D43249A3772135F032544B2 /* Pods-SportApp.debug.xcconfig */,
				B2126FA071F9004E95049979 /* Pods-SportApp.release.xcconfig */,
				CD3C887DA1DC1E4FC2429C25 /* Pods-SportApp-SportAppUITests.debug.xcconfig */,
				E31333040AE1EDAA2AD300F9 /* Pods-SportApp-SportAppUITests.release.xcconfig */,
				A1327EAE3949B9137CB95EAA /* Pods-SportAppTests.debug.xcconfig */,
				03CFE1BAB453AE4E81D70109 /* Pods-SportAppTests.release.xcconfig */,
			);
			path = Pods;
			sourceTree = "<group>";
		};
/* End PBXGroup section */

/* Begin PBXNativeTarget section */
		04CD49FC2608CA9000F8DA47 /* SportApp */ = {
			isa = PBXNativeTarget;
			buildConfigurationList = 04CD4A2A2608CA9400F8DA47 /* Build configuration list for PBXNativeTarget "SportApp" */;
			buildPhases = (
				DF80109D79F1EEB36A4152C2 /* [CP] Check Pods Manifest.lock */,
				04CD49F92608CA9000F8DA47 /* Sources */,
				04CD49FA2608CA9000F8DA47 /* Frameworks */,
				04CD49FB2608CA9000F8DA47 /* Resources */,
				D3E2FAF3B47A7E4DD03820CF /* [CP] Embed Pods Frameworks */,
			);
			buildRules = (
			);
			dependencies = (
			);
			name = SportApp;
			productName = SportApp;
			productReference = 04CD49FD2608CA9000F8DA47 /* SportApp.app */;
			productType = "com.apple.product-type.application";
		};
		04CD4A152608CA9300F8DA47 /* SportAppTests */ = {
			isa = PBXNativeTarget;
			buildConfigurationList = 04CD4A2D2608CA9400F8DA47 /* Build configuration list for PBXNativeTarget "SportAppTests" */;
			buildPhases = (
				C612DBD7D7FC894255BAB26E /* [CP] Check Pods Manifest.lock */,
				04CD4A122608CA9300F8DA47 /* Sources */,
				04CD4A132608CA9300F8DA47 /* Frameworks */,
				04CD4A142608CA9300F8DA47 /* Resources */,
			);
			buildRules = (
			);
			dependencies = (
				04CD4A182608CA9300F8DA47 /* PBXTargetDependency */,
			);
			name = SportAppTests;
			productName = SportAppTests;
			productReference = 04CD4A162608CA9300F8DA47 /* SportAppTests.xctest */;
			productType = "com.apple.product-type.bundle.unit-test";
		};
		04CD4A202608CA9400F8DA47 /* SportAppUITests */ = {
			isa = PBXNativeTarget;
			buildConfigurationList = 04CD4A302608CA9400F8DA47 /* Build configuration list for PBXNativeTarget "SportAppUITests" */;
			buildPhases = (
				4B5770E171B86BFDD62F65D4 /* [CP] Check Pods Manifest.lock */,
				04CD4A1D2608CA9400F8DA47 /* Sources */,
				04CD4A1E2608CA9400F8DA47 /* Frameworks */,
				04CD4A1F2608CA9400F8DA47 /* Resources */,
				B90EEAE366F2D90218E7EF39 /* [CP] Embed Pods Frameworks */,
			);
			buildRules = (
			);
			dependencies = (
				04CD4A232608CA9400F8DA47 /* PBXTargetDependency */,
			);
			name = SportAppUITests;
			productName = SportAppUITests;
			productReference = 04CD4A212608CA9400F8DA47 /* SportAppUITests.xctest */;
			productType = "com.apple.product-type.bundle.ui-testing";
		};
/* End PBXNativeTarget section */

/* Begin PBXProject section */
		04CD49F52608CA9000F8DA47 /* Project object */ = {
			isa = PBXProject;
			attributes = {
				LastSwiftUpdateCheck = 1230;
				LastUpgradeCheck = 1230;
				TargetAttributes = {
					04CD49FC2608CA9000F8DA47 = {
						CreatedOnToolsVersion = 12.3;
					};
					04CD4A152608CA9300F8DA47 = {
						CreatedOnToolsVersion = 12.3;
						TestTargetID = 04CD49FC2608CA9000F8DA47;
					};
					04CD4A202608CA9400F8DA47 = {
						CreatedOnToolsVersion = 12.3;
						TestTargetID = 04CD49FC2608CA9000F8DA47;
					};
				};
			};
			buildConfigurationList = 04CD49F82608CA9000F8DA47 /* Build configuration list for PBXProject "SportApp" */;
			compatibilityVersion = "Xcode 9.3";
			developmentRegion = en;
			hasScannedForEncodings = 0;
			knownRegions = (
				en,
				Base,
			);
			mainGroup = 04CD49F42608CA9000F8DA47;
			productRefGroup = 04CD49FE2608CA9000F8DA47 /* Products */;
			projectDirPath = "";
			projectRoot = "";
			targets = (
				04CD49FC2608CA9000F8DA47 /* SportApp */,
				04CD4A152608CA9300F8DA47 /* SportAppTests */,
				04CD4A202608CA9400F8DA47 /* SportAppUITests */,
			);
		};
/* End PBXProject section */

/* Begin PBXResourcesBuildPhase section */
		04CD49FB2608CA9000F8DA47 /* Resources */ = {
			isa = PBXResourcesBuildPhase;
			buildActionMask = 2147483647;
			files = (
				04CD4A102608CA9300F8DA47 /* LaunchScreen.storyboard in Resources */,
				0449C118260ABF9A009843D5 /* TeamCollectionViewCell.xib in Resources */,
				04CD4A0D2608CA9300F8DA47 /* Assets.xcassets in Resources */,
				045BCB22260A13FE00047683 /* LegueTableViewCell.xib in Resources */,
				04CD4A082608CA9000F8DA47 /* Main.storyboard in Resources */,
				045BCB18260A07C300047683 /* SportCollectionViewCell.xib in Resources */,
				0449C10A260AAA31009843D5 /* EventCollectionViewCell.xib in Resources */,
				0449C111260AB648009843D5 /* ResultCollectionViewCell.xib in Resources */,
			);
			runOnlyForDeploymentPostprocessing = 0;
		};
		04CD4A142608CA9300F8DA47 /* Resources */ = {
			isa = PBXResourcesBuildPhase;
			buildActionMask = 2147483647;
			files = (
			);
			runOnlyForDeploymentPostprocessing = 0;
		};
		04CD4A1F2608CA9400F8DA47 /* Resources */ = {
			isa = PBXResourcesBuildPhase;
			buildActionMask = 2147483647;
			files = (
			);
			runOnlyForDeploymentPostprocessing = 0;
		};
/* End PBXResourcesBuildPhase section */

/* Begin PBXShellScriptBuildPhase section */
		4B5770E171B86BFDD62F65D4 /* [CP] Check Pods Manifest.lock */ = {
			isa = PBXShellScriptBuildPhase;
			buildActionMask = 2147483647;
			files = (
			);
			inputFileListPaths = (
			);
			inputPaths = (
				"${PODS_PODFILE_DIR_PATH}/Podfile.lock",
				"${PODS_ROOT}/Manifest.lock",
			);
			name = "[CP] Check Pods Manifest.lock";
			outputFileListPaths = (
			);
			outputPaths = (
				"$(DERIVED_FILE_DIR)/Pods-SportApp-SportAppUITests-checkManifestLockResult.txt",
			);
			runOnlyForDeploymentPostprocessing = 0;
			shellPath = /bin/sh;
			shellScript = "diff \"${PODS_PODFILE_DIR_PATH}/Podfile.lock\" \"${PODS_ROOT}/Manifest.lock\" > /dev/null\nif [ $? != 0 ] ; then\n    # print error to STDERR\n    echo \"error: The sandbox is not in sync with the Podfile.lock. Run 'pod install' or update your CocoaPods installation.\" >&2\n    exit 1\nfi\n# This output is used by Xcode 'outputs' to avoid re-running this script phase.\necho \"SUCCESS\" > \"${SCRIPT_OUTPUT_FILE_0}\"\n";
			showEnvVarsInLog = 0;
		};
		B90EEAE366F2D90218E7EF39 /* [CP] Embed Pods Frameworks */ = {
			isa = PBXShellScriptBuildPhase;
			buildActionMask = 2147483647;
			files = (
			);
			inputFileListPaths = (
				"${PODS_ROOT}/Target Support Files/Pods-SportApp-SportAppUITests/Pods-SportApp-SportAppUITests-frameworks-${CONFIGURATION}-input-files.xcfilelist",
			);
			name = "[CP] Embed Pods Frameworks";
			outputFileListPaths = (
				"${PODS_ROOT}/Target Support Files/Pods-SportApp-SportAppUITests/Pods-SportApp-SportAppUITests-frameworks-${CONFIGURATION}-output-files.xcfilelist",
			);
			runOnlyForDeploymentPostprocessing = 0;
			shellPath = /bin/sh;
			shellScript = "\"${PODS_ROOT}/Target Support Files/Pods-SportApp-SportAppUITests/Pods-SportApp-SportAppUITests-frameworks.sh\"\n";
			showEnvVarsInLog = 0;
		};
		C612DBD7D7FC894255BAB26E /* [CP] Check Pods Manifest.lock */ = {
			isa = PBXShellScriptBuildPhase;
			buildActionMask = 2147483647;
			files = (
			);
			inputFileListPaths = (
			);
			inputPaths = (
				"${PODS_PODFILE_DIR_PATH}/Podfile.lock",
				"${PODS_ROOT}/Manifest.lock",
			);
			name = "[CP] Check Pods Manifest.lock";
			outputFileListPaths = (
			);
			outputPaths = (
				"$(DERIVED_FILE_DIR)/Pods-SportAppTests-checkManifestLockResult.txt",
			);
			runOnlyForDeploymentPostprocessing = 0;
			shellPath = /bin/sh;
			shellScript = "diff \"${PODS_PODFILE_DIR_PATH}/Podfile.lock\" \"${PODS_ROOT}/Manifest.lock\" > /dev/null\nif [ $? != 0 ] ; then\n    # print error to STDERR\n    echo \"error: The sandbox is not in sync with the Podfile.lock. Run 'pod install' or update your CocoaPods installation.\" >&2\n    exit 1\nfi\n# This output is used by Xcode 'outputs' to avoid re-running this script phase.\necho \"SUCCESS\" > \"${SCRIPT_OUTPUT_FILE_0}\"\n";
			showEnvVarsInLog = 0;
		};
		D3E2FAF3B47A7E4DD03820CF /* [CP] Embed Pods Frameworks */ = {
			isa = PBXShellScriptBuildPhase;
			buildActionMask = 2147483647;
			files = (
			);
			inputFileListPaths = (
				"${PODS_ROOT}/Target Support Files/Pods-SportApp/Pods-SportApp-frameworks-${CONFIGURATION}-input-files.xcfilelist",
			);
			name = "[CP] Embed Pods Frameworks";
			outputFileListPaths = (
				"${PODS_ROOT}/Target Support Files/Pods-SportApp/Pods-SportApp-frameworks-${CONFIGURATION}-output-files.xcfilelist",
			);
			runOnlyForDeploymentPostprocessing = 0;
			shellPath = /bin/sh;
			shellScript = "\"${PODS_ROOT}/Target Support Files/Pods-SportApp/Pods-SportApp-frameworks.sh\"\n";
			showEnvVarsInLog = 0;
		};
		DF80109D79F1EEB36A4152C2 /* [CP] Check Pods Manifest.lock */ = {
			isa = PBXShellScriptBuildPhase;
			buildActionMask = 2147483647;
			files = (
			);
			inputFileListPaths = (
			);
			inputPaths = (
				"${PODS_PODFILE_DIR_PATH}/Podfile.lock",
				"${PODS_ROOT}/Manifest.lock",
			);
			name = "[CP] Check Pods Manifest.lock";
			outputFileListPaths = (
			);
			outputPaths = (
				"$(DERIVED_FILE_DIR)/Pods-SportApp-checkManifestLockResult.txt",
			);
			runOnlyForDeploymentPostprocessing = 0;
			shellPath = /bin/sh;
			shellScript = "diff \"${PODS_PODFILE_DIR_PATH}/Podfile.lock\" \"${PODS_ROOT}/Manifest.lock\" > /dev/null\nif [ $? != 0 ] ; then\n    # print error to STDERR\n    echo \"error: The sandbox is not in sync with the Podfile.lock. Run 'pod install' or update your CocoaPods installation.\" >&2\n    exit 1\nfi\n# This output is used by Xcode 'outputs' to avoid re-running this script phase.\necho \"SUCCESS\" > \"${SCRIPT_OUTPUT_FILE_0}\"\n";
			showEnvVarsInLog = 0;
		};
/* End PBXShellScriptBuildPhase section */

/* Begin PBXSourcesBuildPhase section */
		04CD49F92608CA9000F8DA47 /* Sources */ = {
			isa = PBXSourcesBuildPhase;
			buildActionMask = 2147483647;
			files = (
				0449C117260ABF9A009843D5 /* TeamCollectionViewCell.swift in Sources */,
				0419F1C7260FC689003E0ED4 /* EventDetailsModel.swift in Sources */,
				42915D81260E5CB100FC8E71 /* APIClient.swift in Sources */,
				04FF080C260E797E0033EE86 /* LegueDetails.swift in Sources */,
				045BCB21260A13FE00047683 /* LegueTableViewCell.swift in Sources */,
				0449C109260AAA31009843D5 /* EventCollectionViewCell.swift in Sources */,
				0465DF46260B50EE00BC58BE /* extensions.swift in Sources */,
				0465DF62260B5D3E00BC58BE /* LeagueDetailsViewController.swift in Sources */,
				04CD4A012608CA9000F8DA47 /* AppDelegate.swift in Sources */,
				04CD4A0B2608CA9000F8DA47 /* SportApp.xcdatamodeld in Sources */,
				0465DF4E260B514D00BC58BE /* LeagueViewController.swift in Sources */,
				42915D7B260E5C6400FC8E71 /* SportDetailsModel.swift in Sources */,
				045BCB17260A07C300047683 /* SportCollectionViewCell.swift in Sources */,
				0465DF40260B473700BC58BE /* SportsViewController.swift in Sources */,
				04FF07FF260E781C0033EE86 /* SportModel.swift in Sources */,
				0419F1B5260F7A36003E0ED4 /* LeaguesDetailsIDModel.swift in Sources */,
				04CD4A032608CA9000F8DA47 /* SceneDelegate.swift in Sources */,
				0419F1B0260F79EB003E0ED4 /* LequeIDModel.swift in Sources */,
				04FF0807260E79410033EE86 /* LegueModel.swift in Sources */,
				0419F1C2260FC621003E0ED4 /* EventModel.swift in Sources */,
				0449C110260AB648009843D5 /* ResultCollectionViewCell.swift in Sources */,
			);
			runOnlyForDeploymentPostprocessing = 0;
		};
		04CD4A122608CA9300F8DA47 /* Sources */ = {
			isa = PBXSourcesBuildPhase;
			buildActionMask = 2147483647;
			files = (
				04CD4A1B2608CA9300F8DA47 /* SportAppTests.swift in Sources */,
			);
			runOnlyForDeploymentPostprocessing = 0;
		};
		04CD4A1D2608CA9400F8DA47 /* Sources */ = {
			isa = PBXSourcesBuildPhase;
			buildActionMask = 2147483647;
			files = (
				04CD4A262608CA9400F8DA47 /* SportAppUITests.swift in Sources */,
			);
			runOnlyForDeploymentPostprocessing = 0;
		};
/* End PBXSourcesBuildPhase section */

/* Begin PBXTargetDependency section */
		04CD4A182608CA9300F8DA47 /* PBXTargetDependency */ = {
			isa = PBXTargetDependency;
			target = 04CD49FC2608CA9000F8DA47 /* SportApp */;
			targetProxy = 04CD4A172608CA9300F8DA47 /* PBXContainerItemProxy */;
		};
		04CD4A232608CA9400F8DA47 /* PBXTargetDependency */ = {
			isa = PBXTargetDependency;
			target = 04CD49FC2608CA9000F8DA47 /* SportApp */;
			targetProxy = 04CD4A222608CA9400F8DA47 /* PBXContainerItemProxy */;
		};
/* End PBXTargetDependency section */

/* Begin PBXVariantGroup section */
		04CD4A062608CA9000F8DA47 /* Main.storyboard */ = {
			isa = PBXVariantGroup;
			children = (
				04CD4A072608CA9000F8DA47 /* Base */,
			);
			name = Main.storyboard;
			sourceTree = "<group>";
		};
		04CD4A0E2608CA9300F8DA47 /* LaunchScreen.storyboard */ = {
			isa = PBXVariantGroup;
			children = (
				04CD4A0F2608CA9300F8DA47 /* Base */,
			);
			name = LaunchScreen.storyboard;
			sourceTree = "<group>";
		};
/* End PBXVariantGroup section */

/* Begin XCBuildConfiguration section */
		04CD4A282608CA9400F8DA47 /* Debug */ = {
			isa = XCBuildConfiguration;
			buildSettings = {
				ALWAYS_SEARCH_USER_PATHS = NO;
				CLANG_ANALYZER_NONNULL = YES;
				CLANG_ANALYZER_NUMBER_OBJECT_CONVERSION = YES_AGGRESSIVE;
				CLANG_CXX_LANGUAGE_STANDARD = "gnu++14";
				CLANG_CXX_LIBRARY = "libc++";
				CLANG_ENABLE_MODULES = YES;
				CLANG_ENABLE_OBJC_ARC = YES;
				CLANG_ENABLE_OBJC_WEAK = YES;
				CLANG_WARN_BLOCK_CAPTURE_AUTORELEASING = YES;
				CLANG_WARN_BOOL_CONVERSION = YES;
				CLANG_WARN_COMMA = YES;
				CLANG_WARN_CONSTANT_CONVERSION = YES;
				CLANG_WARN_DEPRECATED_OBJC_IMPLEMENTATIONS = YES;
				CLANG_WARN_DIRECT_OBJC_ISA_USAGE = YES_ERROR;
				CLANG_WARN_DOCUMENTATION_COMMENTS = YES;
				CLANG_WARN_EMPTY_BODY = YES;
				CLANG_WARN_ENUM_CONVERSION = YES;
				CLANG_WARN_INFINITE_RECURSION = YES;
				CLANG_WARN_INT_CONVERSION = YES;
				CLANG_WARN_NON_LITERAL_NULL_CONVERSION = YES;
				CLANG_WARN_OBJC_IMPLICIT_RETAIN_SELF = YES;
				CLANG_WARN_OBJC_LITERAL_CONVERSION = YES;
				CLANG_WARN_OBJC_ROOT_CLASS = YES_ERROR;
				CLANG_WARN_QUOTED_INCLUDE_IN_FRAMEWORK_HEADER = YES;
				CLANG_WARN_RANGE_LOOP_ANALYSIS = YES;
				CLANG_WARN_STRICT_PROTOTYPES = YES;
				CLANG_WARN_SUSPICIOUS_MOVE = YES;
				CLANG_WARN_UNGUARDED_AVAILABILITY = YES_AGGRESSIVE;
				CLANG_WARN_UNREACHABLE_CODE = YES;
				CLANG_WARN__DUPLICATE_METHOD_MATCH = YES;
				COPY_PHASE_STRIP = NO;
				DEBUG_INFORMATION_FORMAT = dwarf;
				ENABLE_STRICT_OBJC_MSGSEND = YES;
				ENABLE_TESTABILITY = YES;
				GCC_C_LANGUAGE_STANDARD = gnu11;
				GCC_DYNAMIC_NO_PIC = NO;
				GCC_NO_COMMON_BLOCKS = YES;
				GCC_OPTIMIZATION_LEVEL = 0;
				GCC_PREPROCESSOR_DEFINITIONS = (
					"DEBUG=1",
					"$(inherited)",
				);
				GCC_WARN_64_TO_32_BIT_CONVERSION = YES;
				GCC_WARN_ABOUT_RETURN_TYPE = YES_ERROR;
				GCC_WARN_UNDECLARED_SELECTOR = YES;
				GCC_WARN_UNINITIALIZED_AUTOS = YES_AGGRESSIVE;
				GCC_WARN_UNUSED_FUNCTION = YES;
				GCC_WARN_UNUSED_VARIABLE = YES;
				IPHONEOS_DEPLOYMENT_TARGET = 14.3;
				MTL_ENABLE_DEBUG_INFO = INCLUDE_SOURCE;
				MTL_FAST_MATH = YES;
				ONLY_ACTIVE_ARCH = YES;
				SDKROOT = iphoneos;
				SWIFT_ACTIVE_COMPILATION_CONDITIONS = DEBUG;
				SWIFT_OPTIMIZATION_LEVEL = "-Onone";
			};
			name = Debug;
		};
		04CD4A292608CA9400F8DA47 /* Release */ = {
			isa = XCBuildConfiguration;
			buildSettings = {
				ALWAYS_SEARCH_USER_PATHS = NO;
				CLANG_ANALYZER_NONNULL = YES;
				CLANG_ANALYZER_NUMBER_OBJECT_CONVERSION = YES_AGGRESSIVE;
				CLANG_CXX_LANGUAGE_STANDARD = "gnu++14";
				CLANG_CXX_LIBRARY = "libc++";
				CLANG_ENABLE_MODULES = YES;
				CLANG_ENABLE_OBJC_ARC = YES;
				CLANG_ENABLE_OBJC_WEAK = YES;
				CLANG_WARN_BLOCK_CAPTURE_AUTORELEASING = YES;
				CLANG_WARN_BOOL_CONVERSION = YES;
				CLANG_WARN_COMMA = YES;
				CLANG_WARN_CONSTANT_CONVERSION = YES;
				CLANG_WARN_DEPRECATED_OBJC_IMPLEMENTATIONS = YES;
				CLANG_WARN_DIRECT_OBJC_ISA_USAGE = YES_ERROR;
				CLANG_WARN_DOCUMENTATION_COMMENTS = YES;
				CLANG_WARN_EMPTY_BODY = YES;
				CLANG_WARN_ENUM_CONVERSION = YES;
				CLANG_WARN_INFINITE_RECURSION = YES;
				CLANG_WARN_INT_CONVERSION = YES;
				CLANG_WARN_NON_LITERAL_NULL_CONVERSION = YES;
				CLANG_WARN_OBJC_IMPLICIT_RETAIN_SELF = YES;
				CLANG_WARN_OBJC_LITERAL_CONVERSION = YES;
				CLANG_WARN_OBJC_ROOT_CLASS = YES_ERROR;
				CLANG_WARN_QUOTED_INCLUDE_IN_FRAMEWORK_HEADER = YES;
				CLANG_WARN_RANGE_LOOP_ANALYSIS = YES;
				CLANG_WARN_STRICT_PROTOTYPES = YES;
				CLANG_WARN_SUSPICIOUS_MOVE = YES;
				CLANG_WARN_UNGUARDED_AVAILABILITY = YES_AGGRESSIVE;
				CLANG_WARN_UNREACHABLE_CODE = YES;
				CLANG_WARN__DUPLICATE_METHOD_MATCH = YES;
				COPY_PHASE_STRIP = NO;
				DEBUG_INFORMATION_FORMAT = "dwarf-with-dsym";
				ENABLE_NS_ASSERTIONS = NO;
				ENABLE_STRICT_OBJC_MSGSEND = YES;
				GCC_C_LANGUAGE_STANDARD = gnu11;
				GCC_NO_COMMON_BLOCKS = YES;
				GCC_WARN_64_TO_32_BIT_CONVERSION = YES;
				GCC_WARN_ABOUT_RETURN_TYPE = YES_ERROR;
				GCC_WARN_UNDECLARED_SELECTOR = YES;
				GCC_WARN_UNINITIALIZED_AUTOS = YES_AGGRESSIVE;
				GCC_WARN_UNUSED_FUNCTION = YES;
				GCC_WARN_UNUSED_VARIABLE = YES;
				IPHONEOS_DEPLOYMENT_TARGET = 14.3;
				MTL_ENABLE_DEBUG_INFO = NO;
				MTL_FAST_MATH = YES;
				SDKROOT = iphoneos;
				SWIFT_COMPILATION_MODE = wholemodule;
				SWIFT_OPTIMIZATION_LEVEL = "-O";
				VALIDATE_PRODUCT = YES;
			};
			name = Release;
		};
		04CD4A2B2608CA9400F8DA47 /* Debug */ = {
			isa = XCBuildConfiguration;
			baseConfigurationReference = 8D43249A3772135F032544B2 /* Pods-SportApp.debug.xcconfig */;
			buildSettings = {
				ASSETCATALOG_COMPILER_APPICON_NAME = AppIcon;
				ASSETCATALOG_COMPILER_GLOBAL_ACCENT_COLOR_NAME = AccentColor;
				CODE_SIGN_STYLE = Automatic;
				DEVELOPMENT_TEAM = ZL277FBYUJ;
				INFOPLIST_FILE = SportApp/Info.plist;
				LD_RUNPATH_SEARCH_PATHS = (
					"$(inherited)",
					"@executable_path/Frameworks",
				);
				PRODUCT_BUNDLE_IDENTIFIER = MinaZakaria.SportApp;
				PRODUCT_NAME = "$(TARGET_NAME)";
				SWIFT_VERSION = 5.0;
				TARGETED_DEVICE_FAMILY = "1,2";
			};
			name = Debug;
		};
		04CD4A2C2608CA9400F8DA47 /* Release */ = {
			isa = XCBuildConfiguration;
			baseConfigurationReference = B2126FA071F9004E95049979 /* Pods-SportApp.release.xcconfig */;
			buildSettings = {
				ASSETCATALOG_COMPILER_APPICON_NAME = AppIcon;
				ASSETCATALOG_COMPILER_GLOBAL_ACCENT_COLOR_NAME = AccentColor;
				CODE_SIGN_STYLE = Automatic;
				DEVELOPMENT_TEAM = ZL277FBYUJ;
				INFOPLIST_FILE = SportApp/Info.plist;
				LD_RUNPATH_SEARCH_PATHS = (
					"$(inherited)",
					"@executable_path/Frameworks",
				);
				PRODUCT_BUNDLE_IDENTIFIER = MinaZakaria.SportApp;
				PRODUCT_NAME = "$(TARGET_NAME)";
				SWIFT_VERSION = 5.0;
				TARGETED_DEVICE_FAMILY = "1,2";
			};
			name = Release;
		};
		04CD4A2E2608CA9400F8DA47 /* Debug */ = {
			isa = XCBuildConfiguration;
			baseConfigurationReference = A1327EAE3949B9137CB95EAA /* Pods-SportAppTests.debug.xcconfig */;
			buildSettings = {
				ALWAYS_EMBED_SWIFT_STANDARD_LIBRARIES = YES;
				BUNDLE_LOADER = "$(TEST_HOST)";
				CODE_SIGN_STYLE = Automatic;
				DEVELOPMENT_TEAM = ZL277FBYUJ;
				INFOPLIST_FILE = SportAppTests/Info.plist;
				IPHONEOS_DEPLOYMENT_TARGET = 14.3;
				LD_RUNPATH_SEARCH_PATHS = (
					"$(inherited)",
					"@executable_path/Frameworks",
					"@loader_path/Frameworks",
				);
				PRODUCT_BUNDLE_IDENTIFIER = MinaZakaria.SportAppTests;
				PRODUCT_NAME = "$(TARGET_NAME)";
				SWIFT_VERSION = 5.0;
				TARGETED_DEVICE_FAMILY = "1,2";
				TEST_HOST = "$(BUILT_PRODUCTS_DIR)/SportApp.app/SportApp";
			};
			name = Debug;
		};
		04CD4A2F2608CA9400F8DA47 /* Release */ = {
			isa = XCBuildConfiguration;
			baseConfigurationReference = 03CFE1BAB453AE4E81D70109 /* Pods-SportAppTests.release.xcconfig */;
			buildSettings = {
				ALWAYS_EMBED_SWIFT_STANDARD_LIBRARIES = YES;
				BUNDLE_LOADER = "$(TEST_HOST)";
				CODE_SIGN_STYLE = Automatic;
				DEVELOPMENT_TEAM = ZL277FBYUJ;
				INFOPLIST_FILE = SportAppTests/Info.plist;
				IPHONEOS_DEPLOYMENT_TARGET = 14.3;
				LD_RUNPATH_SEARCH_PATHS = (
					"$(inherited)",
					"@executable_path/Frameworks",
					"@loader_path/Frameworks",
				);
				PRODUCT_BUNDLE_IDENTIFIER = MinaZakaria.SportAppTests;
				PRODUCT_NAME = "$(TARGET_NAME)";
				SWIFT_VERSION = 5.0;
				TARGETED_DEVICE_FAMILY = "1,2";
				TEST_HOST = "$(BUILT_PRODUCTS_DIR)/SportApp.app/SportApp";
			};
			name = Release;
		};
		04CD4A312608CA9400F8DA47 /* Debug */ = {
			isa = XCBuildConfiguration;
			baseConfigurationReference = CD3C887DA1DC1E4FC2429C25 /* Pods-SportApp-SportAppUITests.debug.xcconfig */;
			buildSettings = {
				ALWAYS_EMBED_SWIFT_STANDARD_LIBRARIES = YES;
				CODE_SIGN_STYLE = Automatic;
				DEVELOPMENT_TEAM = ZL277FBYUJ;
				INFOPLIST_FILE = SportAppUITests/Info.plist;
				LD_RUNPATH_SEARCH_PATHS = (
					"$(inherited)",
					"@executable_path/Frameworks",
					"@loader_path/Frameworks",
				);
				PRODUCT_BUNDLE_IDENTIFIER = MinaZakaria.SportAppUITests;
				PRODUCT_NAME = "$(TARGET_NAME)";
				SWIFT_VERSION = 5.0;
				TARGETED_DEVICE_FAMILY = "1,2";
				TEST_TARGET_NAME = SportApp;
			};
			name = Debug;
		};
		04CD4A322608CA9400F8DA47 /* Release */ = {
			isa = XCBuildConfiguration;
			baseConfigurationReference = E31333040AE1EDAA2AD300F9 /* Pods-SportApp-SportAppUITests.release.xcconfig */;
			buildSettings = {
				ALWAYS_EMBED_SWIFT_STANDARD_LIBRARIES = YES;
				CODE_SIGN_STYLE = Automatic;
				DEVELOPMENT_TEAM = ZL277FBYUJ;
				INFOPLIST_FILE = SportAppUITests/Info.plist;
				LD_RUNPATH_SEARCH_PATHS = (
					"$(inherited)",
					"@executable_path/Frameworks",
					"@loader_path/Frameworks",
				);
				PRODUCT_BUNDLE_IDENTIFIER = MinaZakaria.SportAppUITests;
				PRODUCT_NAME = "$(TARGET_NAME)";
				SWIFT_VERSION = 5.0;
				TARGETED_DEVICE_FAMILY = "1,2";
				TEST_TARGET_NAME = SportApp;
			};
			name = Release;
		};
/* End XCBuildConfiguration section */

/* Begin XCConfigurationList section */
		04CD49F82608CA9000F8DA47 /* Build configuration list for PBXProject "SportApp" */ = {
			isa = XCConfigurationList;
			buildConfigurations = (
				04CD4A282608CA9400F8DA47 /* Debug */,
				04CD4A292608CA9400F8DA47 /* Release */,
			);
			defaultConfigurationIsVisible = 0;
			defaultConfigurationName = Release;
		};
		04CD4A2A2608CA9400F8DA47 /* Build configuration list for PBXNativeTarget "SportApp" */ = {
			isa = XCConfigurationList;
			buildConfigurations = (
				04CD4A2B2608CA9400F8DA47 /* Debug */,
				04CD4A2C2608CA9400F8DA47 /* Release */,
			);
			defaultConfigurationIsVisible = 0;
			defaultConfigurationName = Release;
		};
		04CD4A2D2608CA9400F8DA47 /* Build configuration list for PBXNativeTarget "SportAppTests" */ = {
			isa = XCConfigurationList;
			buildConfigurations = (
				04CD4A2E2608CA9400F8DA47 /* Debug */,
				04CD4A2F2608CA9400F8DA47 /* Release */,
			);
			defaultConfigurationIsVisible = 0;
			defaultConfigurationName = Release;
		};
		04CD4A302608CA9400F8DA47 /* Build configuration list for PBXNativeTarget "SportAppUITests" */ = {
			isa = XCConfigurationList;
			buildConfigurations = (
				04CD4A312608CA9400F8DA47 /* Debug */,
				04CD4A322608CA9400F8DA47 /* Release */,
			);
			defaultConfigurationIsVisible = 0;
			defaultConfigurationName = Release;
		};
/* End XCConfigurationList section */

/* Begin XCVersionGroup section */
		04CD4A092608CA9000F8DA47 /* SportApp.xcdatamodeld */ = {
			isa = XCVersionGroup;
			children = (
				04CD4A0A2608CA9000F8DA47 /* SportApp.xcdatamodel */,
			);
			currentVersion = 04CD4A0A2608CA9000F8DA47 /* SportApp.xcdatamodel */;
			path = SportApp.xcdatamodeld;
			sourceTree = "<group>";
			versionGroupType = wrapper.xcdatamodel;
		};
/* End XCVersionGroup section */
	};
	rootObject = 04CD49F52608CA9000F8DA47 /* Project object */;
}
